// !$*UTF8*$!
{
	archiveVersion = 1;
	classes = {
	};
	objectVersion = 55;
	objects = {

/* Begin PBXBuildFile section */
		021F2B8A28090818009032F0 /* AppDelegate.swift in Sources */ = {isa = PBXBuildFile; fileRef = 021F2B8928090818009032F0 /* AppDelegate.swift */; };
		021F2B8C28090818009032F0 /* SceneDelegate.swift in Sources */ = {isa = PBXBuildFile; fileRef = 021F2B8B28090818009032F0 /* SceneDelegate.swift */; };
		021F2B8E28090818009032F0 /* ViewController.swift in Sources */ = {isa = PBXBuildFile; fileRef = 021F2B8D28090818009032F0 /* ViewController.swift */; };
		021F2B9128090818009032F0 /* Main.storyboard in Resources */ = {isa = PBXBuildFile; fileRef = 021F2B8F28090818009032F0 /* Main.storyboard */; };
		021F2B932809081D009032F0 /* Assets.xcassets in Resources */ = {isa = PBXBuildFile; fileRef = 021F2B922809081D009032F0 /* Assets.xcassets */; };
		021F2B962809081D009032F0 /* LaunchScreen.storyboard in Resources */ = {isa = PBXBuildFile; fileRef = 021F2B942809081D009032F0 /* LaunchScreen.storyboard */; };
		021F2BA128090B8A009032F0 /* ViewModel.swift in Sources */ = {isa = PBXBuildFile; fileRef = 021F2BA028090B8A009032F0 /* ViewModel.swift */; };
		021F2BA328090B99009032F0 /* UserModel.swift in Sources */ = {isa = PBXBuildFile; fileRef = 021F2BA228090B99009032F0 /* UserModel.swift */; };
		021F2BA528090C56009032F0 /* ModelProtocol.swift in Sources */ = {isa = PBXBuildFile; fileRef = 021F2BA428090C56009032F0 /* ModelProtocol.swift */; };
		021F2BA728091411009032F0 /* ErrorModel.swift in Sources */ = {isa = PBXBuildFile; fileRef = 021F2BA628091411009032F0 /* ErrorModel.swift */; };
		CDBFB0999FBDFCFB9146E952 /* libPods-SwiftMVVM.a in Frameworks */ = {isa = PBXBuildFile; fileRef = 3F87D5236942BB717A16351E /* libPods-SwiftMVVM.a */; };
/* End PBXBuildFile section */

/* Begin PBXFileReference section */
		021F2B8628090818009032F0 /* SwiftMVVM.app */ = {isa = PBXFileReference; explicitFileType = wrapper.application; includeInIndex = 0; path = SwiftMVVM.app; sourceTree = BUILT_PRODUCTS_DIR; };
		021F2B8928090818009032F0 /* AppDelegate.swift */ = {isa = PBXFileReference; lastKnownFileType = sourcecode.swift; path = AppDelegate.swift; sourceTree = "<group>"; };
		021F2B8B28090818009032F0 /* SceneDelegate.swift */ = {isa = PBXFileReference; lastKnownFileType = sourcecode.swift; path = SceneDelegate.swift; sourceTree = "<group>"; };
		021F2B8D28090818009032F0 /* ViewController.swift */ = {isa = PBXFileReference; lastKnownFileType = sourcecode.swift; path = ViewController.swift; sourceTree = "<group>"; };
		021F2B9028090818009032F0 /* Base */ = {isa = PBXFileReference; lastKnownFileType = file.storyboard; name = Base; path = Base.lproj/Main.storyboard; sourceTree = "<group>"; };
		021F2B922809081D009032F0 /* Assets.xcassets */ = {isa = PBXFileReference; lastKnownFileType = folder.assetcatalog; path = Assets.xcassets; sourceTree = "<group>"; };
		021F2B952809081D009032F0 /* Base */ = {isa = PBXFileReference; lastKnownFileType = file.storyboard; name = Base; path = Base.lproj/LaunchScreen.storyboard; sourceTree = "<group>"; };
		021F2B972809081D009032F0 /* Info.plist */ = {isa = PBXFileReference; lastKnownFileType = text.plist.xml; path = Info.plist; sourceTree = "<group>"; };
		021F2BA028090B8A009032F0 /* ViewModel.swift */ = {isa = PBXFileReference; lastKnownFileType = sourcecode.swift; path = ViewModel.swift; sourceTree = "<group>"; };
		021F2BA228090B99009032F0 /* UserModel.swift */ = {isa = PBXFileReference; lastKnownFileType = sourcecode.swift; path = UserModel.swift; sourceTree = "<group>"; };
		021F2BA428090C56009032F0 /* ModelProtocol.swift */ = {isa = PBXFileReference; lastKnownFileType = sourcecode.swift; path = ModelProtocol.swift; sourceTree = "<group>"; };
		021F2BA628091411009032F0 /* ErrorModel.swift */ = {isa = PBXFileReference; lastKnownFileType = sourcecode.swift; path = ErrorModel.swift; sourceTree = "<group>"; };
		3F87D5236942BB717A16351E /* libPods-SwiftMVVM.a */ = {isa = PBXFileReference; explicitFileType = archive.ar; includeInIndex = 0; path = "libPods-SwiftMVVM.a"; sourceTree = BUILT_PRODUCTS_DIR; };
		63ED8E1CEF32044B7FB192C0 /* Pods-SwiftMVVM.release.xcconfig */ = {isa = PBXFileReference; includeInIndex = 1; lastKnownFileType = text.xcconfig; name = "Pods-SwiftMVVM.release.xcconfig"; path = "Target Support Files/Pods-SwiftMVVM/Pods-SwiftMVVM.release.xcconfig"; sourceTree = "<group>"; };
		9F95570A9347F9F77860A933 /* Pods-SwiftMVVM.debug.xcconfig */ = {isa = PBXFileReference; includeInIndex = 1; lastKnownFileType = text.xcconfig; name = "Pods-SwiftMVVM.debug.xcconfig"; path = "Target Support Files/Pods-SwiftMVVM/Pods-SwiftMVVM.debug.xcconfig"; sourceTree = "<group>"; };
/* End PBXFileReference section */

/* Begin PBXFrameworksBuildPhase section */
		021F2B8328090818009032F0 /* Frameworks */ = {
			isa = PBXFrameworksBuildPhase;
			buildActionMask = 2147483647;
			files = (
				CDBFB0999FBDFCFB9146E952 /* libPods-SwiftMVVM.a in Frameworks */,
			);
			runOnlyForDeploymentPostprocessing = 0;
		};
/* End PBXFrameworksBuildPhase section */

/* Begin PBXGroup section */
		021F2B7D28090818009032F0 = {
			isa = PBXGroup;
			children = (
				021F2B8828090818009032F0 /* SwiftMVVM */,
				021F2B8728090818009032F0 /* Products */,
				8EE44EB904517AF32915CFF8 /* Pods */,
				E8C1D155C3A37B5119E0C127 /* Frameworks */,
			);
			sourceTree = "<group>";
		};
		021F2B8728090818009032F0 /* Products */ = {
			isa = PBXGroup;
			children = (
				021F2B8628090818009032F0 /* SwiftMVVM.app */,
			);
			name = Products;
			sourceTree = "<group>";
		};
		021F2B8828090818009032F0 /* SwiftMVVM */ = {
			isa = PBXGroup;
			children = (
				021F2B8928090818009032F0 /* AppDelegate.swift */,
				021F2B8B28090818009032F0 /* SceneDelegate.swift */,
				021F2B9D28090AD1009032F0 /* View */,
				021F2B9E28090AE7009032F0 /* ViewModel */,
				021F2B9F28090B1B009032F0 /* Model */,
				021F2B8F28090818009032F0 /* Main.storyboard */,
				021F2B922809081D009032F0 /* Assets.xcassets */,
				021F2B942809081D009032F0 /* LaunchScreen.storyboard */,
				021F2B972809081D009032F0 /* Info.plist */,
			);
			path = SwiftMVVM;
			sourceTree = "<group>";
		};
		021F2B9D28090AD1009032F0 /* View */ = {
			isa = PBXGroup;
			children = (
				021F2B8D28090818009032F0 /* ViewController.swift */,
			);
			path = View;
			sourceTree = "<group>";
		};
		021F2B9E28090AE7009032F0 /* ViewModel */ = {
			isa = PBXGroup;
			children = (
				021F2BA028090B8A009032F0 /* ViewModel.swift */,
			);
			path = ViewModel;
			sourceTree = "<group>";
		};
		021F2B9F28090B1B009032F0 /* Model */ = {
			isa = PBXGroup;
			children = (
				021F2BA228090B99009032F0 /* UserModel.swift */,
				021F2BA428090C56009032F0 /* ModelProtocol.swift */,
				021F2BA628091411009032F0 /* ErrorModel.swift */,
			);
			path = Model;
			sourceTree = "<group>";
		};
		8EE44EB904517AF32915CFF8 /* Pods */ = {
			isa = PBXGroup;
			children = (
				9F95570A9347F9F77860A933 /* Pods-SwiftMVVM.debug.xcconfig */,
				63ED8E1CEF32044B7FB192C0 /* Pods-SwiftMVVM.release.xcconfig */,
			);
			path = Pods;
			sourceTree = "<group>";
		};
		E8C1D155C3A37B5119E0C127 /* Frameworks */ = {
			isa = PBXGroup;
			children = (
				3F87D5236942BB717A16351E /* libPods-SwiftMVVM.a */,
			);
			name = Frameworks;
			sourceTree = "<group>";
		};
/* End PBXGroup section */

/* Begin PBXNativeTarget section */
		021F2B8528090818009032F0 /* SwiftMVVM */ = {
			isa = PBXNativeTarget;
			buildConfigurationList = 021F2B9A2809081D009032F0 /* Build configuration list for PBXNativeTarget "SwiftMVVM" */;
			buildPhases = (
				8AE8FC484F1C1D9AC4D640C0 /* [CP] Check Pods Manifest.lock */,
				021F2B8228090818009032F0 /* Sources */,
				021F2B8328090818009032F0 /* Frameworks */,
				021F2B8428090818009032F0 /* Resources */,
			);
			buildRules = (
			);
			dependencies = (
			);
			name = SwiftMVVM;
			productName = SwiftMVVM;
			productReference = 021F2B8628090818009032F0 /* SwiftMVVM.app */;
			productType = "com.apple.product-type.application";
		};
/* End PBXNativeTarget section */

/* Begin PBXProject section */
		021F2B7E28090818009032F0 /* Project object */ = {
			isa = PBXProject;
			attributes = {
				BuildIndependentTargetsInParallel = 1;
				LastSwiftUpdateCheck = 1330;
				LastUpgradeCheck = 1330;
				TargetAttributes = {
					021F2B8528090818009032F0 = {
						CreatedOnToolsVersion = 13.3;
					};
				};
			};
			buildConfigurationList = 021F2B8128090818009032F0 /* Build configuration list for PBXProject "SwiftMVVM" */;
			compatibilityVersion = "Xcode 13.0";
			developmentRegion = en;
			hasScannedForEncodings = 0;
			knownRegions = (
				en,
				Base,
			);
			mainGroup = 021F2B7D28090818009032F0;
			productRefGroup = 021F2B8728090818009032F0 /* Products */;
			projectDirPath = "";
			projectRoot = "";
			targets = (
				021F2B8528090818009032F0 /* SwiftMVVM */,
			);
		};
/* End PBXProject section */

/* Begin PBXResourcesBuildPhase section */
		021F2B8428090818009032F0 /* Resources */ = {
			isa = PBXResourcesBuildPhase;
			buildActionMask = 2147483647;
			files = (
				021F2B962809081D009032F0 /* LaunchScreen.storyboard in Resources */,
				021F2B932809081D009032F0 /* Assets.xcassets in Resources */,
				021F2B9128090818009032F0 /* Main.storyboard in Resources */,
			);
			runOnlyForDeploymentPostprocessing = 0;
		};
/* End PBXResourcesBuildPhase section */

/* Begin PBXShellScriptBuildPhase section */
		8AE8FC484F1C1D9AC4D640C0 /* [CP] Check Pods Manifest.lock */ = {
			isa = PBXShellScriptBuildPhase;
			buildActionMask = 2147483647;
			files = (
			);
			inputFileListPaths = (
			);
			inputPaths = (
				"${PODS_PODFILE_DIR_PATH}/Podfile.lock",
				"${PODS_ROOT}/Manifest.lock",
			);
			name = "[CP] Check Pods Manifest.lock";
			outputFileListPaths = (
			);
			outputPaths = (
				"$(DERIVED_FILE_DIR)/Pods-SwiftMVVM-checkManifestLockResult.txt",
			);
			runOnlyForDeploymentPostprocessing = 0;
			shellPath = /bin/sh;
			shellScript = "diff \"${PODS_PODFILE_DIR_PATH}/Podfile.lock\" \"${PODS_ROOT}/Manifest.lock\" > /dev/null\nif [ $? != 0 ] ; then\n    # print error to STDERR\n    echo \"error: The sandbox is not in sync with the Podfile.lock. Run 'pod install' or update your CocoaPods installation.\" >&2\n    exit 1\nfi\n# This output is used by Xcode 'outputs' to avoid re-running this script phase.\necho \"SUCCESS\" > \"${SCRIPT_OUTPUT_FILE_0}\"\n";
			showEnvVarsInLog = 0;
		};
/* End PBXShellScriptBuildPhase section */

/* Begin PBXSourcesBuildPhase section */
		021F2B8228090818009032F0 /* Sources */ = {
			isa = PBXSourcesBuildPhase;
			buildActionMask = 2147483647;
			files = (
				021F2BA728091411009032F0 /* ErrorModel.swift in Sources */,
				021F2B8E28090818009032F0 /* ViewController.swift in Sources */,
				021F2BA528090C56009032F0 /* ModelProtocol.swift in Sources */,
				021F2B8A28090818009032F0 /* AppDelegate.swift in Sources */,
				021F2BA128090B8A009032F0 /* ViewModel.swift in Sources */,
				021F2BA328090B99009032F0 /* UserModel.swift in Sources */,
				021F2B8C28090818009032F0 /* SceneDelegate.swift in Sources */,
			);
			runOnlyForDeploymentPostprocessing = 0;
		};
/* End PBXSourcesBuildPhase section */

/* Begin PBXVariantGroup section */
		021F2B8F28090818009032F0 /* Main.storyboard */ = {
			isa = PBXVariantGroup;
			children = (
				021F2B9028090818009032F0 /* Base */,
			);
			name = Main.storyboard;
			sourceTree = "<group>";
		};
		021F2B942809081D009032F0 /* LaunchScreen.storyboard */ = {
			isa = PBXVariantGroup;
			children = (
				021F2B952809081D009032F0 /* Base */,
			);
			name = LaunchScreen.storyboard;
			sourceTree = "<group>";
		};
/* End PBXVariantGroup section */

/* Begin XCBuildConfiguration section */
		021F2B982809081D009032F0 /* Debug */ = {
			isa = XCBuildConfiguration;
			buildSettings = {
				ALWAYS_SEARCH_USER_PATHS = NO;
				CLANG_ANALYZER_NONNULL = YES;
				CLANG_ANALYZER_NUMBER_OBJECT_CONVERSION = YES_AGGRESSIVE;
				CLANG_CXX_LANGUAGE_STANDARD = "gnu++17";
				CLANG_ENABLE_MODULES = YES;
				CLANG_ENABLE_OBJC_ARC = YES;
				CLANG_ENABLE_OBJC_WEAK = YES;
				CLANG_WARN_BLOCK_CAPTURE_AUTORELEASING = YES;
				CLANG_WARN_BOOL_CONVERSION = YES;
				CLANG_WARN_COMMA = YES;
				CLANG_WARN_CONSTANT_CONVERSION = YES;
				CLANG_WARN_DEPRECATED_OBJC_IMPLEMENTATIONS = YES;
				CLANG_WARN_DIRECT_OBJC_ISA_USAGE = YES_ERROR;
				CLANG_WARN_DOCUMENTATION_COMMENTS = YES;
				CLANG_WARN_EMPTY_BODY = YES;
				CLANG_WARN_ENUM_CONVERSION = YES;
				CLANG_WARN_INFINITE_RECURSION = YES;
				CLANG_WARN_INT_CONVERSION = YES;
				CLANG_WARN_NON_LITERAL_NULL_CONVERSION = YES;
				CLANG_WARN_OBJC_IMPLICIT_RETAIN_SELF = YES;
				CLANG_WARN_OBJC_LITERAL_CONVERSION = YES;
				CLANG_WARN_OBJC_ROOT_CLASS = YES_ERROR;
				CLANG_WARN_QUOTED_INCLUDE_IN_FRAMEWORK_HEADER = YES;
				CLANG_WARN_RANGE_LOOP_ANALYSIS = YES;
				CLANG_WARN_STRICT_PROTOTYPES = YES;
				CLANG_WARN_SUSPICIOUS_MOVE = YES;
				CLANG_WARN_UNGUARDED_AVAILABILITY = YES_AGGRESSIVE;
				CLANG_WARN_UNREACHABLE_CODE = YES;
				CLANG_WARN__DUPLICATE_METHOD_MATCH = YES;
				COPY_PHASE_STRIP = NO;
				DEBUG_INFORMATION_FORMAT = dwarf;
				ENABLE_STRICT_OBJC_MSGSEND = YES;
				ENABLE_TESTABILITY = YES;
				GCC_C_LANGUAGE_STANDARD = gnu11;
				GCC_DYNAMIC_NO_PIC = NO;
				GCC_NO_COMMON_BLOCKS = YES;
				GCC_OPTIMIZATION_LEVEL = 0;
				GCC_PREPROCESSOR_DEFINITIONS = (
					"DEBUG=1",
					"$(inherited)",
				);
				GCC_WARN_64_TO_32_BIT_CONVERSION = YES;
				GCC_WARN_ABOUT_RETURN_TYPE = YES_ERROR;
				GCC_WARN_UNDECLARED_SELECTOR = YES;
				GCC_WARN_UNINITIALIZED_AUTOS = YES_AGGRESSIVE;
				GCC_WARN_UNUSED_FUNCTION = YES;
				GCC_WARN_UNUSED_VARIABLE = YES;
				IPHONEOS_DEPLOYMENT_TARGET = 15.4;
				MTL_ENABLE_DEBUG_INFO = INCLUDE_SOURCE;
				MTL_FAST_MATH = YES;
				ONLY_ACTIVE_ARCH = YES;
				SDKROOT = iphoneos;
				SWIFT_ACTIVE_COMPILATION_CONDITIONS = DEBUG;
				SWIFT_OPTIMIZATION_LEVEL = "-Onone";
			};
			name = Debug;
		};
		021F2B992809081D009032F0 /* Release */ = {
			isa = XCBuildConfiguration;
			buildSettings = {
				ALWAYS_SEARCH_USER_PATHS = NO;
				CLANG_ANALYZER_NONNULL = YES;
				CLANG_ANALYZER_NUMBER_OBJECT_CONVERSION = YES_AGGRESSIVE;
				CLANG_CXX_LANGUAGE_STANDARD = "gnu++17";
				CLANG_ENABLE_MODULES = YES;
				CLANG_ENABLE_OBJC_ARC = YES;
				CLANG_ENABLE_OBJC_WEAK = YES;
				CLANG_WARN_BLOCK_CAPTURE_AUTORELEASING = YES;
				CLANG_WARN_BOOL_CONVERSION = YES;
				CLANG_WARN_COMMA = YES;
				CLANG_WARN_CONSTANT_CONVERSION = YES;
				CLANG_WARN_DEPRECATED_OBJC_IMPLEMENTATIONS = YES;
				CLANG_WARN_DIRECT_OBJC_ISA_USAGE = YES_ERROR;
				CLANG_WARN_DOCUMENTATION_COMMENTS = YES;
				CLANG_WARN_EMPTY_BODY = YES;
				CLANG_WARN_ENUM_CONVERSION = YES;
				CLANG_WARN_INFINITE_RECURSION = YES;
				CLANG_WARN_INT_CONVERSION = YES;
				CLANG_WARN_NON_LITERAL_NULL_CONVERSION = YES;
				CLANG_WARN_OBJC_IMPLICIT_RETAIN_SELF = YES;
				CLANG_WARN_OBJC_LITERAL_CONVERSION = YES;
				CLANG_WARN_OBJC_ROOT_CLASS = YES_ERROR;
				CLANG_WARN_QUOTED_INCLUDE_IN_FRAMEWORK_HEADER = YES;
				CLANG_WARN_RANGE_LOOP_ANALYSIS = YES;
				CLANG_WARN_STRICT_PROTOTYPES = YES;
				CLANG_WARN_SUSPICIOUS_MOVE = YES;
				CLANG_WARN_UNGUARDED_AVAILABILITY = YES_AGGRESSIVE;
				CLANG_WARN_UNREACHABLE_CODE = YES;
				CLANG_WARN__DUPLICATE_METHOD_MATCH = YES;
				COPY_PHASE_STRIP = NO;
				DEBUG_INFORMATION_FORMAT = "dwarf-with-dsym";
				ENABLE_NS_ASSERTIONS = NO;
				ENABLE_STRICT_OBJC_MSGSEND = YES;
				GCC_C_LANGUAGE_STANDARD = gnu11;
				GCC_NO_COMMON_BLOCKS = YES;
				GCC_WARN_64_TO_32_BIT_CONVERSION = YES;
				GCC_WARN_ABOUT_RETURN_TYPE = YES_ERROR;
				GCC_WARN_UNDECLARED_SELECTOR = YES;
				GCC_WARN_UNINITIALIZED_AUTOS = YES_AGGRESSIVE;
				GCC_WARN_UNUSED_FUNCTION = YES;
				GCC_WARN_UNUSED_VARIABLE = YES;
				IPHONEOS_DEPLOYMENT_TARGET = 15.4;
				MTL_ENABLE_DEBUG_INFO = NO;
				MTL_FAST_MATH = YES;
				SDKROOT = iphoneos;
				SWIFT_COMPILATION_MODE = wholemodule;
				SWIFT_OPTIMIZATION_LEVEL = "-O";
				VALIDATE_PRODUCT = YES;
			};
			name = Release;
		};
		021F2B9B2809081D009032F0 /* Debug */ = {
			isa = XCBuildConfiguration;
			baseConfigurationReference = 9F95570A9347F9F77860A933 /* Pods-SwiftMVVM.debug.xcconfig */;
			buildSettings = {
				ASSETCATALOG_COMPILER_APPICON_NAME = AppIcon;
				ASSETCATALOG_COMPILER_GLOBAL_ACCENT_COLOR_NAME = AccentColor;
				CODE_SIGN_STYLE = Automatic;
				CURRENT_PROJECT_VERSION = 1;
				DEVELOPMENT_TEAM = 3A74B9LK8K;
				GENERATE_INFOPLIST_FILE = YES;
				INFOPLIST_FILE = SwiftMVVM/Info.plist;
				INFOPLIST_KEY_UIApplicationSupportsIndirectInputEvents = YES;
				INFOPLIST_KEY_UILaunchStoryboardName = LaunchScreen;
				INFOPLIST_KEY_UIMainStoryboardFile = Main;
				INFOPLIST_KEY_UISupportedInterfaceOrientations_iPad = "UIInterfaceOrientationPortrait UIInterfaceOrientationPortraitUpsideDown UIInterfaceOrientationLandscapeLeft UIInterfaceOrientationLandscapeRight";
				INFOPLIST_KEY_UISupportedInterfaceOrientations_iPhone = "UIInterfaceOrientationPortrait UIInterfaceOrientationLandscapeLeft UIInterfaceOrientationLandscapeRight";
				IPHONEOS_DEPLOYMENT_TARGET = 15.0;
				LD_RUNPATH_SEARCH_PATHS = (
					"$(inherited)",
					"@executable_path/Frameworks",
				);
				MARKETING_VERSION = 1.0;
				PRODUCT_BUNDLE_IDENTIFIER = com.SheheiYoshida.SwiftMVVM;
				PRODUCT_NAME = "$(TARGET_NAME)";
				SWIFT_EMIT_LOC_STRINGS = YES;
				SWIFT_VERSION = 5.0;
				TARGETED_DEVICE_FAMILY = 1;
			};
			name = Debug;
		};
		021F2B9C2809081D009032F0 /* Release */ = {
			isa = XCBuildConfiguration;
			baseConfigurationReference = 63ED8E1CEF32044B7FB192C0 /* Pods-SwiftMVVM.release.xcconfig */;
			buildSettings = {
				ASSETCATALOG_COMPILER_APPICON_NAME = AppIcon;
				ASSETCATALOG_COMPILER_GLOBAL_ACCENT_COLOR_NAME = AccentColor;
				CODE_SIGN_STYLE = Automatic;
				CURRENT_PROJECT_VERSION = 1;
				DEVELOPMENT_TEAM = 3A74B9LK8K;
				GENERATE_INFOPLIST_FILE = YES;
				INFOPLIST_FILE = SwiftMVVM/Info.plist;
				INFOPLIST_KEY_UIApplicationSupportsIndirectInputEvents = YES;
				INFOPLIST_KEY_UILaunchStoryboardName = LaunchScreen;
				INFOPLIST_KEY_UIMainStoryboardFile = Main;
				INFOPLIST_KEY_UISupportedInterfaceOrientations_iPad = "UIInterfaceOrientationPortrait UIInterfaceOrientationPortraitUpsideDown UIInterfaceOrientationLandscapeLeft UIInterfaceOrientationLandscapeRight";
				INFOPLIST_KEY_UISupportedInterfaceOrientations_iPhone = "UIInterfaceOrientationPortrait UIInterfaceOrientationLandscapeLeft UIInterfaceOrientationLandscapeRight";
				IPHONEOS_DEPLOYMENT_TARGET = 15.0;
				LD_RUNPATH_SEARCH_PATHS = (
					"$(inherited)",
					"@executable_path/Frameworks",
				);
				MARKETING_VERSION = 1.0;
				PRODUCT_BUNDLE_IDENTIFIER = com.SheheiYoshida.SwiftMVVM;
				PRODUCT_NAME = "$(TARGET_NAME)";
				SWIFT_EMIT_LOC_STRINGS = YES;
				SWIFT_VERSION = 5.0;
				TARGETED_DEVICE_FAMILY = 1;
			};
			name = Release;
		};
/* End XCBuildConfiguration section */

/* Begin XCConfigurationList section */
		021F2B8128090818009032F0 /* Build configuration list for PBXProject "SwiftMVVM" */ = {
			isa = XCConfigurationList;
			buildConfigurations = (
				021F2B982809081D009032F0 /* Debug */,
				021F2B992809081D009032F0 /* Release */,
			);
			defaultConfigurationIsVisible = 0;
			defaultConfigurationName = Release;
		};
		021F2B9A2809081D009032F0 /* Build configuration list for PBXNativeTarget "SwiftMVVM" */ = {
			isa = XCConfigurationList;
			buildConfigurations = (
				021F2B9B2809081D009032F0 /* Debug */,
				021F2B9C2809081D009032F0 /* Release */,
			);
			defaultConfigurationIsVisible = 0;
			defaultConfigurationName = Release;
		};
/* End XCConfigurationList section */
	};
	rootObject = 021F2B7E28090818009032F0 /* Project object */;
}
